
Microsoft Visual Studio Solution File, Format Version 12.00
# Visual Studio 2012
Project("{FAE04EC0-301F-11D3-BF4B-00C04F79EFBC}") = "STBLize+", "STBLize+\STBLize+.csproj", "{80604927-1B8B-4297-92B9-866536B1AD6F}"
EndProject
Project("{FAE04EC0-301F-11D3-BF4B-00C04F79EFBC}") = "STBLize+Lib", "STBLize+Lib\STBLize+Lib.csproj", "{9820B9BD-1EB4-45E8-837E-126E68EBA696}"
EndProject
Global
	GlobalSection(SolutionConfigurationPlatforms) = preSolution
		Debug|Any CPU = Debug|Any CPU
		Release|Any CPU = Release|Any CPU
	EndGlobalSection
	GlobalSection(ProjectConfigurationPlatforms) = postSolution
		{80604927-1B8B-4297-92B9-866536B1AD6F}.Debug|Any CPU.ActiveCfg = Debug|Any CPU
		{80604927-1B8B-4297-92B9-866536B1AD6F}.Debug|Any CPU.Build.0 = Debug|Any CPU
		{80604927-1B8B-4297-92B9-866536B1AD6F}.Release|Any CPU.ActiveCfg = Release|Any CPU
		{80604927-1B8B-4297-92B9-866536B1AD6F}.Release|Any CPU.Build.0 = Release|Any CPU
		{9820B9BD-1EB4-45E8-837E-126E68EBA696}.Debug|Any CPU.ActiveCfg = Debug|Any CPU
		{9820B9BD-1EB4-45E8-837E-126E68EBA696}.Debug|Any CPU.Build.0 = Debug|Any CPU
		{9820B9BD-1EB4-45E8-837E-126E68EBA696}.Release|Any CPU.ActiveCfg = Release|Any CPU
		{9820B9BD-1EB4-45E8-837E-126E68EBA696}.Release|Any CPU.Build.0 = Release|Any CPU
	EndGlobalSection
EndGlobal
